// !$*UTF8*$!
{
	archiveVersion = 1;
	classes = {
	};
	objectVersion = 46;
	objects = {

/* Begin PBXBuildFile section */
		320A6D171CFBE43C0084E138 /* FEMAssignmentPolicy.m in Sources */ = {isa = PBXBuildFile; fileRef = 320A6CA61CFBE43C0084E138 /* FEMAssignmentPolicy.m */; };
		320A6D181CFBE43C0084E138 /* FEMRelationshipAssignmentContext.m in Sources */ = {isa = PBXBuildFile; fileRef = 320A6CA91CFBE43C0084E138 /* FEMRelationshipAssignmentContext.m */; };
		320A6D191CFBE43C0084E138 /* FEMManagedObjectCache.m in Sources */ = {isa = PBXBuildFile; fileRef = 320A6CAC1CFBE43C0084E138 /* FEMManagedObjectCache.m */; };
		320A6D1A1CFBE43C0084E138 /* FEMDeserializer.m in Sources */ = {isa = PBXBuildFile; fileRef = 320A6CAF1CFBE43C0084E138 /* FEMDeserializer.m */; };
		320A6D1B1CFBE43C0084E138 /* FEMAttribute.m in Sources */ = {isa = PBXBuildFile; fileRef = 320A6CB41CFBE43C0084E138 /* FEMAttribute.m */; };
		320A6D1C1CFBE43C0084E138 /* FEMMapping.m in Sources */ = {isa = PBXBuildFile; fileRef = 320A6CB71CFBE43C0084E138 /* FEMMapping.m */; };
		320A6D1D1CFBE43C0084E138 /* FEMRelationship.m in Sources */ = {isa = PBXBuildFile; fileRef = 320A6CBB1CFBE43C0084E138 /* FEMRelationship.m */; };
		320A6D1E1CFBE43C0084E138 /* FEMSerializer.m in Sources */ = {isa = PBXBuildFile; fileRef = 320A6CBE1CFBE43C0084E138 /* FEMSerializer.m */; };
		320A6D1F1CFBE43C0084E138 /* FEMManagedObjectStore.m in Sources */ = {isa = PBXBuildFile; fileRef = 320A6CC11CFBE43C0084E138 /* FEMManagedObjectStore.m */; };
		320A6D201CFBE43C0084E138 /* FEMObjectStore.m in Sources */ = {isa = PBXBuildFile; fileRef = 320A6CC31CFBE43C0084E138 /* FEMObjectStore.m */; };
		320A6D211CFBE43C0084E138 /* FEMExcludableCollection.m in Sources */ = {isa = PBXBuildFile; fileRef = 320A6CC71CFBE43C0084E138 /* FEMExcludableCollection.m */; };
		320A6D221CFBE43C0084E138 /* FEMMergeableCollection.m in Sources */ = {isa = PBXBuildFile; fileRef = 320A6CC91CFBE43C0084E138 /* FEMMergeableCollection.m */; };
		320A6D231CFBE43C0084E138 /* NSArray+FEMPropertyRepresentation.m in Sources */ = {isa = PBXBuildFile; fileRef = 320A6CCC1CFBE43C0084E138 /* NSArray+FEMPropertyRepresentation.m */; };
		320A6D241CFBE43C0084E138 /* NSObject+FEMKVCExtension.m in Sources */ = {isa = PBXBuildFile; fileRef = 320A6CCE1CFBE43C0084E138 /* NSObject+FEMKVCExtension.m */; };
		320A6D251CFBE43C0084E138 /* FEMMappingUtility.m in Sources */ = {isa = PBXBuildFile; fileRef = 320A6CD21CFBE43C0084E138 /* FEMMappingUtility.m */; };
		320A6D261CFBE43C0084E138 /* FEMRepresentationUtility.m in Sources */ = {isa = PBXBuildFile; fileRef = 320A6CD41CFBE43C0084E138 /* FEMRepresentationUtility.m */; };
		320A6D271CFBE43C0084E138 /* FEMTypeIntrospection.m in Sources */ = {isa = PBXBuildFile; fileRef = 320A6CD61CFBE43C0084E138 /* FEMTypeIntrospection.m */; };
		320A6D281CFBE43C0084E138 /* JSONModel.m in Sources */ = {isa = PBXBuildFile; fileRef = 320A6CDB1CFBE43C0084E138 /* JSONModel.m */; };
		320A6D291CFBE43C0084E138 /* JSONModelArray.m in Sources */ = {isa = PBXBuildFile; fileRef = 320A6CDD1CFBE43C0084E138 /* JSONModelArray.m */; };
		320A6D2A1CFBE43C0084E138 /* JSONModelClassProperty.m in Sources */ = {isa = PBXBuildFile; fileRef = 320A6CDF1CFBE43C0084E138 /* JSONModelClassProperty.m */; };
		320A6D2B1CFBE43C0084E138 /* JSONModelError.m in Sources */ = {isa = PBXBuildFile; fileRef = 320A6CE11CFBE43C0084E138 /* JSONModelError.m */; };
		320A6D2C1CFBE43C0084E138 /* NSArray+JSONModel.m in Sources */ = {isa = PBXBuildFile; fileRef = 320A6CE41CFBE43C0084E138 /* NSArray+JSONModel.m */; };
		320A6D2D1CFBE43C0084E138 /* JSONAPI.m in Sources */ = {isa = PBXBuildFile; fileRef = 320A6CE81CFBE43C0084E138 /* JSONAPI.m */; };
		320A6D2E1CFBE43C0084E138 /* JSONHTTPClient.m in Sources */ = {isa = PBXBuildFile; fileRef = 320A6CEA1CFBE43C0084E138 /* JSONHTTPClient.m */; };
		320A6D2F1CFBE43C0084E138 /* JSONModel+networking.m in Sources */ = {isa = PBXBuildFile; fileRef = 320A6CEC1CFBE43C0084E138 /* JSONModel+networking.m */; };
		320A6D301CFBE43C0084E138 /* JSONKeyMapper.m in Sources */ = {isa = PBXBuildFile; fileRef = 320A6CEF1CFBE43C0084E138 /* JSONKeyMapper.m */; };
		320A6D311CFBE43C0084E138 /* JSONValueTransformer.m in Sources */ = {isa = PBXBuildFile; fileRef = 320A6CF11CFBE43C0084E138 /* JSONValueTransformer.m */; };
		320A6D321CFBE43C0084E138 /* EXTRuntimeExtensions.m in Sources */ = {isa = PBXBuildFile; fileRef = 320A6CF61CFBE43C0084E138 /* EXTRuntimeExtensions.m */; };
		320A6D331CFBE43C0084E138 /* EXTScope.m in Sources */ = {isa = PBXBuildFile; fileRef = 320A6CF81CFBE43C0084E138 /* EXTScope.m */; };
		320A6D341CFBE43C0084E138 /* MTLJSONAdapter.m in Sources */ = {isa = PBXBuildFile; fileRef = 320A6CFC1CFBE43C0084E138 /* MTLJSONAdapter.m */; };
		320A6D351CFBE43C0084E138 /* MTLModel+NSCoding.m in Sources */ = {isa = PBXBuildFile; fileRef = 320A6CFE1CFBE43C0084E138 /* MTLModel+NSCoding.m */; };
		320A6D361CFBE43C0084E138 /* MTLModel.m in Sources */ = {isa = PBXBuildFile; fileRef = 320A6D001CFBE43C0084E138 /* MTLModel.m */; };
		320A6D371CFBE43C0084E138 /* MTLReflection.m in Sources */ = {isa = PBXBuildFile; fileRef = 320A6D021CFBE43C0084E138 /* MTLReflection.m */; };
		320A6D381CFBE43C0084E138 /* MTLTransformerErrorHandling.m in Sources */ = {isa = PBXBuildFile; fileRef = 320A6D041CFBE43C0084E138 /* MTLTransformerErrorHandling.m */; };
		320A6D391CFBE43C0084E138 /* MTLValueTransformer.m in Sources */ = {isa = PBXBuildFile; fileRef = 320A6D061CFBE43C0084E138 /* MTLValueTransformer.m */; };
		320A6D3A1CFBE43C0084E138 /* NSArray+MTLManipulationAdditions.m in Sources */ = {isa = PBXBuildFile; fileRef = 320A6D081CFBE43C0084E138 /* NSArray+MTLManipulationAdditions.m */; };
		320A6D3B1CFBE43C0084E138 /* NSDictionary+MTLJSONKeyPath.m in Sources */ = {isa = PBXBuildFile; fileRef = 320A6D0A1CFBE43C0084E138 /* NSDictionary+MTLJSONKeyPath.m */; };
		320A6D3C1CFBE43C0084E138 /* NSDictionary+MTLManipulationAdditions.m in Sources */ = {isa = PBXBuildFile; fileRef = 320A6D0C1CFBE43C0084E138 /* NSDictionary+MTLManipulationAdditions.m */; };
		320A6D3D1CFBE43C0084E138 /* NSDictionary+MTLMappingAdditions.m in Sources */ = {isa = PBXBuildFile; fileRef = 320A6D0E1CFBE43C0084E138 /* NSDictionary+MTLMappingAdditions.m */; };
		320A6D3E1CFBE43C0084E138 /* NSError+MTLModelException.m in Sources */ = {isa = PBXBuildFile; fileRef = 320A6D101CFBE43C0084E138 /* NSError+MTLModelException.m */; };
		320A6D3F1CFBE43C0084E138 /* NSObject+MTLComparisonAdditions.m in Sources */ = {isa = PBXBuildFile; fileRef = 320A6D121CFBE43C0084E138 /* NSObject+MTLComparisonAdditions.m */; };
		320A6D401CFBE43C0084E138 /* NSValueTransformer+MTLInversionAdditions.m in Sources */ = {isa = PBXBuildFile; fileRef = 320A6D141CFBE43C0084E138 /* NSValueTransformer+MTLInversionAdditions.m */; };
		320A6D411CFBE43C0084E138 /* NSValueTransformer+MTLPredefinedTransformerAdditions.m in Sources */ = {isa = PBXBuildFile; fileRef = 320A6D161CFBE43C0084E138 /* NSValueTransformer+MTLPredefinedTransformerAdditions.m */; };
		322632131CEBFFE700CE4B87 /* ZYModelTransformInfo.m in Sources */ = {isa = PBXBuildFile; fileRef = 322632121CEBFFE700CE4B87 /* ZYModelTransformInfo.m */; };
		3226321A1CEC049B00CE4B87 /* FEWeiboModel.m in Sources */ = {isa = PBXBuildFile; fileRef = 322632151CEC049B00CE4B87 /* FEWeiboModel.m */; };
		3226321B1CEC049B00CE4B87 /* JSWeiboModel.m in Sources */ = {isa = PBXBuildFile; fileRef = 322632171CEC049B00CE4B87 /* JSWeiboModel.m */; };
		3226321C1CEC049B00CE4B87 /* MTWeiboModel.m in Sources */ = {isa = PBXBuildFile; fileRef = 322632191CEC049B00CE4B87 /* MTWeiboModel.m */; };
		322632BF1CEC05CA00CE4B87 /* DateFormatter.m in Sources */ = {isa = PBXBuildFile; fileRef = 322632BE1CEC05CA00CE4B87 /* DateFormatter.m */; };
		32F27B8F1CF1615200ACB3B6 /* ZYModelPerformaceTest.m in Sources */ = {isa = PBXBuildFile; fileRef = 32F27B8E1CF1615200ACB3B6 /* ZYModelPerformaceTest.m */; };
		32F99DFD1CF2EA1300D8EDA4 /* ModelToJSONPerformanceCompare.m in Sources */ = {isa = PBXBuildFile; fileRef = 32F99DFC1CF2EA1300D8EDA4 /* ModelToJSONPerformanceCompare.m */; };
		A493B4EF1CC65A6900EAE35A /* MJExtensionConst.m in Sources */ = {isa = PBXBuildFile; fileRef = A493B4DC1CC65A6900EAE35A /* MJExtensionConst.m */; };
		A493B4F01CC65A6900EAE35A /* MJFoundation.m in Sources */ = {isa = PBXBuildFile; fileRef = A493B4DE1CC65A6900EAE35A /* MJFoundation.m */; };
		A493B4F11CC65A6900EAE35A /* MJProperty.m in Sources */ = {isa = PBXBuildFile; fileRef = A493B4E01CC65A6900EAE35A /* MJProperty.m */; };
		A493B4F21CC65A6900EAE35A /* MJPropertyKey.m in Sources */ = {isa = PBXBuildFile; fileRef = A493B4E21CC65A6900EAE35A /* MJPropertyKey.m */; };
		A493B4F31CC65A6900EAE35A /* MJPropertyType.m in Sources */ = {isa = PBXBuildFile; fileRef = A493B4E41CC65A6900EAE35A /* MJPropertyType.m */; };
		A493B4F41CC65A6900EAE35A /* NSObject+MJClass.m in Sources */ = {isa = PBXBuildFile; fileRef = A493B4E61CC65A6900EAE35A /* NSObject+MJClass.m */; };
		A493B4F51CC65A6900EAE35A /* NSObject+MJCoding.m in Sources */ = {isa = PBXBuildFile; fileRef = A493B4E81CC65A6900EAE35A /* NSObject+MJCoding.m */; };
		A493B4F61CC65A6900EAE35A /* NSObject+MJKeyValue.m in Sources */ = {isa = PBXBuildFile; fileRef = A493B4EA1CC65A6900EAE35A /* NSObject+MJKeyValue.m */; };
		A493B4F71CC65A6900EAE35A /* NSObject+MJProperty.m in Sources */ = {isa = PBXBuildFile; fileRef = A493B4EC1CC65A6900EAE35A /* NSObject+MJProperty.m */; };
		A493B4F81CC65A6900EAE35A /* NSString+MJExtension.m in Sources */ = {isa = PBXBuildFile; fileRef = A493B4EE1CC65A6900EAE35A /* NSString+MJExtension.m */; };
		A4BDD72F1CC634FB00B5710D /* ModelPerformanceCompare.h in Headers */ = {isa = PBXBuildFile; fileRef = A4BDD72E1CC634FB00B5710D /* ModelPerformanceCompare.h */; settings = {ATTRIBUTES = (Public, ); }; };
		A4BDD7361CC634FB00B5710D /* ModelPerformanceCompare.framework in Frameworks */ = {isa = PBXBuildFile; fileRef = A4BDD72B1CC634FB00B5710D /* ModelPerformanceCompare.framework */; };
		A4BDD73B1CC634FB00B5710D /* JSONToModelPerformanceCompare.m in Sources */ = {isa = PBXBuildFile; fileRef = A4BDD73A1CC634FB00B5710D /* JSONToModelPerformanceCompare.m */; };
		A4BDD74E1CC6352000B5710D /* Info.plist in Resources */ = {isa = PBXBuildFile; fileRef = A4BDD7461CC6352000B5710D /* Info.plist */; };
		A4BDD74F1CC6352000B5710D /* NSObject+ZYModel.m in Sources */ = {isa = PBXBuildFile; fileRef = A4BDD7481CC6352000B5710D /* NSObject+ZYModel.m */; };
		A4BDD7501CC6352000B5710D /* ZYClassInfo.m in Sources */ = {isa = PBXBuildFile; fileRef = A4BDD74A1CC6352000B5710D /* ZYClassInfo.m */; };
		A4BDD7581CC6353D00B5710D /* NSObject+YYModel.m in Sources */ = {isa = PBXBuildFile; fileRef = A4BDD7541CC6353D00B5710D /* NSObject+YYModel.m */; };
		A4BDD7591CC6353D00B5710D /* YYClassInfo.m in Sources */ = {isa = PBXBuildFile; fileRef = A4BDD7561CC6353D00B5710D /* YYClassInfo.m */; };
		A4BDD75D1CC6357500B5710D /* YYWeiboModel.m in Sources */ = {isa = PBXBuildFile; fileRef = A4BDD75C1CC6357500B5710D /* YYWeiboModel.m */; };
		A4BDD75F1CC6357C00B5710D /* weibo.json in Resources */ = {isa = PBXBuildFile; fileRef = A4BDD75E1CC6357C00B5710D /* weibo.json */; };
/* End PBXBuildFile section */

/* Begin PBXContainerItemProxy section */
		A4BDD7371CC634FB00B5710D /* PBXContainerItemProxy */ = {
			isa = PBXContainerItemProxy;
			containerPortal = A4BDD7221CC634FB00B5710D /* Project object */;
			proxyType = 1;
			remoteGlobalIDString = A4BDD72A1CC634FB00B5710D;
			remoteInfo = ModelPerformanceCompare;
		};
/* End PBXContainerItemProxy section */

/* Begin PBXFileReference section */
		320A6CA51CFBE43C0084E138 /* FEMAssignmentPolicy.h */ = {isa = PBXFileReference; fileEncoding = 4; lastKnownFileType = sourcecode.c.h; path = FEMAssignmentPolicy.h; sourceTree = "<group>"; };
		320A6CA61CFBE43C0084E138 /* FEMAssignmentPolicy.m */ = {isa = PBXFileReference; fileEncoding = 4; lastKnownFileType = sourcecode.c.objc; path = FEMAssignmentPolicy.m; sourceTree = "<group>"; };
		320A6CA71CFBE43C0084E138 /* FEMRelationshipAssignmentContext+Internal.h */ = {isa = PBXFileReference; fileEncoding = 4; lastKnownFileType = sourcecode.c.h; path = "FEMRelationshipAssignmentContext+Internal.h"; sourceTree = "<group>"; };
		320A6CA81CFBE43C0084E138 /* FEMRelationshipAssignmentContext.h */ = {isa = PBXFileReference; fileEncoding = 4; lastKnownFileType = sourcecode.c.h; path = FEMRelationshipAssignmentContext.h; sourceTree = "<group>"; };
		320A6CA91CFBE43C0084E138 /* FEMRelationshipAssignmentContext.m */ = {isa = PBXFileReference; fileEncoding = 4; lastKnownFileType = sourcecode.c.objc; path = FEMRelationshipAssignmentContext.m; sourceTree = "<group>"; };
		320A6CAB1CFBE43C0084E138 /* FEMManagedObjectCache.h */ = {isa = PBXFileReference; fileEncoding = 4; lastKnownFileType = sourcecode.c.h; path = FEMManagedObjectCache.h; sourceTree = "<group>"; };
		320A6CAC1CFBE43C0084E138 /* FEMManagedObjectCache.m */ = {isa = PBXFileReference; fileEncoding = 4; lastKnownFileType = sourcecode.c.objc; path = FEMManagedObjectCache.m; sourceTree = "<group>"; };
		320A6CAE1CFBE43C0084E138 /* FEMDeserializer.h */ = {isa = PBXFileReference; fileEncoding = 4; lastKnownFileType = sourcecode.c.h; path = FEMDeserializer.h; sourceTree = "<group>"; };
		320A6CAF1CFBE43C0084E138 /* FEMDeserializer.m */ = {isa = PBXFileReference; fileEncoding = 4; lastKnownFileType = sourcecode.c.objc; path = FEMDeserializer.m; sourceTree = "<group>"; };
		320A6CB01CFBE43C0084E138 /* FEMManagedObjectDeserializer.h */ = {isa = PBXFileReference; fileEncoding = 4; lastKnownFileType = sourcecode.c.h; path = FEMManagedObjectDeserializer.h; sourceTree = "<group>"; };
		320A6CB11CFBE43C0084E138 /* FEMObjectDeserializer.h */ = {isa = PBXFileReference; fileEncoding = 4; lastKnownFileType = sourcecode.c.h; path = FEMObjectDeserializer.h; sourceTree = "<group>"; };
		320A6CB31CFBE43C0084E138 /* FEMAttribute.h */ = {isa = PBXFileReference; fileEncoding = 4; lastKnownFileType = sourcecode.c.h; path = FEMAttribute.h; sourceTree = "<group>"; };
		320A6CB41CFBE43C0084E138 /* FEMAttribute.m */ = {isa = PBXFileReference; fileEncoding = 4; lastKnownFileType = sourcecode.c.objc; path = FEMAttribute.m; sourceTree = "<group>"; };
		320A6CB51CFBE43C0084E138 /* FEMManagedObjectMapping.h */ = {isa = PBXFileReference; fileEncoding = 4; lastKnownFileType = sourcecode.c.h; path = FEMManagedObjectMapping.h; sourceTree = "<group>"; };
		320A6CB61CFBE43C0084E138 /* FEMMapping.h */ = {isa = PBXFileReference; fileEncoding = 4; lastKnownFileType = sourcecode.c.h; path = FEMMapping.h; sourceTree = "<group>"; };
		320A6CB71CFBE43C0084E138 /* FEMMapping.m */ = {isa = PBXFileReference; fileEncoding = 4; lastKnownFileType = sourcecode.c.objc; path = FEMMapping.m; sourceTree = "<group>"; };
		320A6CB81CFBE43C0084E138 /* FEMObjectMapping.h */ = {isa = PBXFileReference; fileEncoding = 4; lastKnownFileType = sourcecode.c.h; path = FEMObjectMapping.h; sourceTree = "<group>"; };
		320A6CB91CFBE43C0084E138 /* FEMProperty.h */ = {isa = PBXFileReference; fileEncoding = 4; lastKnownFileType = sourcecode.c.h; path = FEMProperty.h; sourceTree = "<group>"; };
		320A6CBA1CFBE43C0084E138 /* FEMRelationship.h */ = {isa = PBXFileReference; fileEncoding = 4; lastKnownFileType = sourcecode.c.h; path = FEMRelationship.h; sourceTree = "<group>"; };
		320A6CBB1CFBE43C0084E138 /* FEMRelationship.m */ = {isa = PBXFileReference; fileEncoding = 4; lastKnownFileType = sourcecode.c.objc; path = FEMRelationship.m; sourceTree = "<group>"; };
		320A6CBD1CFBE43C0084E138 /* FEMSerializer.h */ = {isa = PBXFileReference; fileEncoding = 4; lastKnownFileType = sourcecode.c.h; path = FEMSerializer.h; sourceTree = "<group>"; };
		320A6CBE1CFBE43C0084E138 /* FEMSerializer.m */ = {isa = PBXFileReference; fileEncoding = 4; lastKnownFileType = sourcecode.c.objc; path = FEMSerializer.m; sourceTree = "<group>"; };
		320A6CC01CFBE43C0084E138 /* FEMManagedObjectStore.h */ = {isa = PBXFileReference; fileEncoding = 4; lastKnownFileType = sourcecode.c.h; path = FEMManagedObjectStore.h; sourceTree = "<group>"; };
		320A6CC11CFBE43C0084E138 /* FEMManagedObjectStore.m */ = {isa = PBXFileReference; fileEncoding = 4; lastKnownFileType = sourcecode.c.objc; path = FEMManagedObjectStore.m; sourceTree = "<group>"; };
		320A6CC21CFBE43C0084E138 /* FEMObjectStore.h */ = {isa = PBXFileReference; fileEncoding = 4; lastKnownFileType = sourcecode.c.h; path = FEMObjectStore.h; sourceTree = "<group>"; };
		320A6CC31CFBE43C0084E138 /* FEMObjectStore.m */ = {isa = PBXFileReference; fileEncoding = 4; lastKnownFileType = sourcecode.c.objc; path = FEMObjectStore.m; sourceTree = "<group>"; };
		320A6CC61CFBE43C0084E138 /* FEMExcludableCollection.h */ = {isa = PBXFileReference; fileEncoding = 4; lastKnownFileType = sourcecode.c.h; path = FEMExcludableCollection.h; sourceTree = "<group>"; };
		320A6CC71CFBE43C0084E138 /* FEMExcludableCollection.m */ = {isa = PBXFileReference; fileEncoding = 4; lastKnownFileType = sourcecode.c.objc; path = FEMExcludableCollection.m; sourceTree = "<group>"; };
		320A6CC81CFBE43C0084E138 /* FEMMergeableCollection.h */ = {isa = PBXFileReference; fileEncoding = 4; lastKnownFileType = sourcecode.c.h; path = FEMMergeableCollection.h; sourceTree = "<group>"; };
		320A6CC91CFBE43C0084E138 /* FEMMergeableCollection.m */ = {isa = PBXFileReference; fileEncoding = 4; lastKnownFileType = sourcecode.c.objc; path = FEMMergeableCollection.m; sourceTree = "<group>"; };
		320A6CCB1CFBE43C0084E138 /* NSArray+FEMPropertyRepresentation.h */ = {isa = PBXFileReference; fileEncoding = 4; lastKnownFileType = sourcecode.c.h; path = "NSArray+FEMPropertyRepresentation.h"; sourceTree = "<group>"; };
		320A6CCC1CFBE43C0084E138 /* NSArray+FEMPropertyRepresentation.m */ = {isa = PBXFileReference; fileEncoding = 4; lastKnownFileType = sourcecode.c.objc; path = "NSArray+FEMPropertyRepresentation.m"; sourceTree = "<group>"; };
		320A6CCD1CFBE43C0084E138 /* NSObject+FEMKVCExtension.h */ = {isa = PBXFileReference; fileEncoding = 4; lastKnownFileType = sourcecode.c.h; path = "NSObject+FEMKVCExtension.h"; sourceTree = "<group>"; };
		320A6CCE1CFBE43C0084E138 /* NSObject+FEMKVCExtension.m */ = {isa = PBXFileReference; fileEncoding = 4; lastKnownFileType = sourcecode.c.objc; path = "NSObject+FEMKVCExtension.m"; sourceTree = "<group>"; };
		320A6CCF1CFBE43C0084E138 /* FastEasyMapping.h */ = {isa = PBXFileReference; fileEncoding = 4; lastKnownFileType = sourcecode.c.h; path = FastEasyMapping.h; sourceTree = "<group>"; };
		320A6CD11CFBE43C0084E138 /* FEMMappingUtility.h */ = {isa = PBXFileReference; fileEncoding = 4; lastKnownFileType = sourcecode.c.h; path = FEMMappingUtility.h; sourceTree = "<group>"; };
		320A6CD21CFBE43C0084E138 /* FEMMappingUtility.m */ = {isa = PBXFileReference; fileEncoding = 4; lastKnownFileType = sourcecode.c.objc; path = FEMMappingUtility.m; sourceTree = "<group>"; };
		320A6CD31CFBE43C0084E138 /* FEMRepresentationUtility.h */ = {isa = PBXFileReference; fileEncoding = 4; lastKnownFileType = sourcecode.c.h; path = FEMRepresentationUtility.h; sourceTree = "<group>"; };
		320A6CD41CFBE43C0084E138 /* FEMRepresentationUtility.m */ = {isa = PBXFileReference; fileEncoding = 4; lastKnownFileType = sourcecode.c.objc; path = FEMRepresentationUtility.m; sourceTree = "<group>"; };
		320A6CD51CFBE43C0084E138 /* FEMTypeIntrospection.h */ = {isa = PBXFileReference; fileEncoding = 4; lastKnownFileType = sourcecode.c.h; path = FEMTypeIntrospection.h; sourceTree = "<group>"; };
		320A6CD61CFBE43C0084E138 /* FEMTypeIntrospection.m */ = {isa = PBXFileReference; fileEncoding = 4; lastKnownFileType = sourcecode.c.objc; path = FEMTypeIntrospection.m; sourceTree = "<group>"; };
		320A6CD71CFBE43C0084E138 /* FEMTypes.h */ = {isa = PBXFileReference; fileEncoding = 4; lastKnownFileType = sourcecode.c.h; path = FEMTypes.h; sourceTree = "<group>"; };
		320A6CDA1CFBE43C0084E138 /* JSONModel.h */ = {isa = PBXFileReference; fileEncoding = 4; lastKnownFileType = sourcecode.c.h; path = JSONModel.h; sourceTree = "<group>"; };
		320A6CDB1CFBE43C0084E138 /* JSONModel.m */ = {isa = PBXFileReference; fileEncoding = 4; lastKnownFileType = sourcecode.c.objc; path = JSONModel.m; sourceTree = "<group>"; };
		320A6CDC1CFBE43C0084E138 /* JSONModelArray.h */ = {isa = PBXFileReference; fileEncoding = 4; lastKnownFileType = sourcecode.c.h; path = JSONModelArray.h; sourceTree = "<group>"; };
		320A6CDD1CFBE43C0084E138 /* JSONModelArray.m */ = {isa = PBXFileReference; fileEncoding = 4; lastKnownFileType = sourcecode.c.objc; path = JSONModelArray.m; sourceTree = "<group>"; };
		320A6CDE1CFBE43C0084E138 /* JSONModelClassProperty.h */ = {isa = PBXFileReference; fileEncoding = 4; lastKnownFileType = sourcecode.c.h; path = JSONModelClassProperty.h; sourceTree = "<group>"; };
		320A6CDF1CFBE43C0084E138 /* JSONModelClassProperty.m */ = {isa = PBXFileReference; fileEncoding = 4; lastKnownFileType = sourcecode.c.objc; path = JSONModelClassProperty.m; sourceTree = "<group>"; };
		320A6CE01CFBE43C0084E138 /* JSONModelError.h */ = {isa = PBXFileReference; fileEncoding = 4; lastKnownFileType = sourcecode.c.h; path = JSONModelError.h; sourceTree = "<group>"; };
		320A6CE11CFBE43C0084E138 /* JSONModelError.m */ = {isa = PBXFileReference; fileEncoding = 4; lastKnownFileType = sourcecode.c.objc; path = JSONModelError.m; sourceTree = "<group>"; };
		320A6CE31CFBE43C0084E138 /* NSArray+JSONModel.h */ = {isa = PBXFileReference; fileEncoding = 4; lastKnownFileType = sourcecode.c.h; path = "NSArray+JSONModel.h"; sourceTree = "<group>"; };
		320A6CE41CFBE43C0084E138 /* NSArray+JSONModel.m */ = {isa = PBXFileReference; fileEncoding = 4; lastKnownFileType = sourcecode.c.objc; path = "NSArray+JSONModel.m"; sourceTree = "<group>"; };
		320A6CE51CFBE43C0084E138 /* JSONModelLib.h */ = {isa = PBXFileReference; fileEncoding = 4; lastKnownFileType = sourcecode.c.h; path = JSONModelLib.h; sourceTree = "<group>"; };
		320A6CE71CFBE43C0084E138 /* JSONAPI.h */ = {isa = PBXFileReference; fileEncoding = 4; lastKnownFileType = sourcecode.c.h; path = JSONAPI.h; sourceTree = "<group>"; };
		320A6CE81CFBE43C0084E138 /* JSONAPI.m */ = {isa = PBXFileReference; fileEncoding = 4; lastKnownFileType = sourcecode.c.objc; path = JSONAPI.m; sourceTree = "<group>"; };
		320A6CE91CFBE43C0084E138 /* JSONHTTPClient.h */ = {isa = PBXFileReference; fileEncoding = 4; lastKnownFileType = sourcecode.c.h; path = JSONHTTPClient.h; sourceTree = "<group>"; };
		320A6CEA1CFBE43C0084E138 /* JSONHTTPClient.m */ = {isa = PBXFileReference; fileEncoding = 4; lastKnownFileType = sourcecode.c.objc; path = JSONHTTPClient.m; sourceTree = "<group>"; };
		320A6CEB1CFBE43C0084E138 /* JSONModel+networking.h */ = {isa = PBXFileReference; fileEncoding = 4; lastKnownFileType = sourcecode.c.h; path = "JSONModel+networking.h"; sourceTree = "<group>"; };
		320A6CEC1CFBE43C0084E138 /* JSONModel+networking.m */ = {isa = PBXFileReference; fileEncoding = 4; lastKnownFileType = sourcecode.c.objc; path = "JSONModel+networking.m"; sourceTree = "<group>"; };
		320A6CEE1CFBE43C0084E138 /* JSONKeyMapper.h */ = {isa = PBXFileReference; fileEncoding = 4; lastKnownFileType = sourcecode.c.h; path = JSONKeyMapper.h; sourceTree = "<group>"; };
		320A6CEF1CFBE43C0084E138 /* JSONKeyMapper.m */ = {isa = PBXFileReference; fileEncoding = 4; lastKnownFileType = sourcecode.c.objc; path = JSONKeyMapper.m; sourceTree = "<group>"; };
		320A6CF01CFBE43C0084E138 /* JSONValueTransformer.h */ = {isa = PBXFileReference; fileEncoding = 4; lastKnownFileType = sourcecode.c.h; path = JSONValueTransformer.h; sourceTree = "<group>"; };
		320A6CF11CFBE43C0084E138 /* JSONValueTransformer.m */ = {isa = PBXFileReference; fileEncoding = 4; lastKnownFileType = sourcecode.c.objc; path = JSONValueTransformer.m; sourceTree = "<group>"; };
		320A6CF41CFBE43C0084E138 /* EXTKeyPathCoding.h */ = {isa = PBXFileReference; fileEncoding = 4; lastKnownFileType = sourcecode.c.h; path = EXTKeyPathCoding.h; sourceTree = "<group>"; };
		320A6CF51CFBE43C0084E138 /* EXTRuntimeExtensions.h */ = {isa = PBXFileReference; fileEncoding = 4; lastKnownFileType = sourcecode.c.h; path = EXTRuntimeExtensions.h; sourceTree = "<group>"; };
		320A6CF61CFBE43C0084E138 /* EXTRuntimeExtensions.m */ = {isa = PBXFileReference; fileEncoding = 4; lastKnownFileType = sourcecode.c.objc; path = EXTRuntimeExtensions.m; sourceTree = "<group>"; };
		320A6CF71CFBE43C0084E138 /* EXTScope.h */ = {isa = PBXFileReference; fileEncoding = 4; lastKnownFileType = sourcecode.c.h; path = EXTScope.h; sourceTree = "<group>"; };
		320A6CF81CFBE43C0084E138 /* EXTScope.m */ = {isa = PBXFileReference; fileEncoding = 4; lastKnownFileType = sourcecode.c.objc; path = EXTScope.m; sourceTree = "<group>"; };
		320A6CF91CFBE43C0084E138 /* metamacros.h */ = {isa = PBXFileReference; fileEncoding = 4; lastKnownFileType = sourcecode.c.h; path = metamacros.h; sourceTree = "<group>"; };
		320A6CFA1CFBE43C0084E138 /* Mantle.h */ = {isa = PBXFileReference; fileEncoding = 4; lastKnownFileType = sourcecode.c.h; path = Mantle.h; sourceTree = "<group>"; };
		320A6CFB1CFBE43C0084E138 /* MTLJSONAdapter.h */ = {isa = PBXFileReference; fileEncoding = 4; lastKnownFileType = sourcecode.c.h; path = MTLJSONAdapter.h; sourceTree = "<group>"; };
		320A6CFC1CFBE43C0084E138 /* MTLJSONAdapter.m */ = {isa = PBXFileReference; fileEncoding = 4; lastKnownFileType = sourcecode.c.objc; path = MTLJSONAdapter.m; sourceTree = "<group>"; };
		320A6CFD1CFBE43C0084E138 /* MTLModel+NSCoding.h */ = {isa = PBXFileReference; fileEncoding = 4; lastKnownFileType = sourcecode.c.h; path = "MTLModel+NSCoding.h"; sourceTree = "<group>"; };
		320A6CFE1CFBE43C0084E138 /* MTLModel+NSCoding.m */ = {isa = PBXFileReference; fileEncoding = 4; lastKnownFileType = sourcecode.c.objc; path = "MTLModel+NSCoding.m"; sourceTree = "<group>"; };
		320A6CFF1CFBE43C0084E138 /* MTLModel.h */ = {isa = PBXFileReference; fileEncoding = 4; lastKnownFileType = sourcecode.c.h; path = MTLModel.h; sourceTree = "<group>"; };
		320A6D001CFBE43C0084E138 /* MTLModel.m */ = {isa = PBXFileReference; fileEncoding = 4; lastKnownFileType = sourcecode.c.objc; path = MTLModel.m; sourceTree = "<group>"; };
		320A6D011CFBE43C0084E138 /* MTLReflection.h */ = {isa = PBXFileReference; fileEncoding = 4; lastKnownFileType = sourcecode.c.h; path = MTLReflection.h; sourceTree = "<group>"; };
		320A6D021CFBE43C0084E138 /* MTLReflection.m */ = {isa = PBXFileReference; fileEncoding = 4; lastKnownFileType = sourcecode.c.objc; path = MTLReflection.m; sourceTree = "<group>"; };
		320A6D031CFBE43C0084E138 /* MTLTransformerErrorHandling.h */ = {isa = PBXFileReference; fileEncoding = 4; lastKnownFileType = sourcecode.c.h; path = MTLTransformerErrorHandling.h; sourceTree = "<group>"; };
		320A6D041CFBE43C0084E138 /* MTLTransformerErrorHandling.m */ = {isa = PBXFileReference; fileEncoding = 4; lastKnownFileType = sourcecode.c.objc; path = MTLTransformerErrorHandling.m; sourceTree = "<group>"; };
		320A6D051CFBE43C0084E138 /* MTLValueTransformer.h */ = {isa = PBXFileReference; fileEncoding = 4; lastKnownFileType = sourcecode.c.h; path = MTLValueTransformer.h; sourceTree = "<group>"; };
		320A6D061CFBE43C0084E138 /* MTLValueTransformer.m */ = {isa = PBXFileReference; fileEncoding = 4; lastKnownFileType = sourcecode.c.objc; path = MTLValueTransformer.m; sourceTree = "<group>"; };
		320A6D071CFBE43C0084E138 /* NSArray+MTLManipulationAdditions.h */ = {isa = PBXFileReference; fileEncoding = 4; lastKnownFileType = sourcecode.c.h; path = "NSArray+MTLManipulationAdditions.h"; sourceTree = "<group>"; };
		320A6D081CFBE43C0084E138 /* NSArray+MTLManipulationAdditions.m */ = {isa = PBXFileReference; fileEncoding = 4; lastKnownFileType = sourcecode.c.objc; path = "NSArray+MTLManipulationAdditions.m"; sourceTree = "<group>"; };
		320A6D091CFBE43C0084E138 /* NSDictionary+MTLJSONKeyPath.h */ = {isa = PBXFileReference; fileEncoding = 4; lastKnownFileType = sourcecode.c.h; path = "NSDictionary+MTLJSONKeyPath.h"; sourceTree = "<group>"; };
		320A6D0A1CFBE43C0084E138 /* NSDictionary+MTLJSONKeyPath.m */ = {isa = PBXFileReference; fileEncoding = 4; lastKnownFileType = sourcecode.c.objc; path = "NSDictionary+MTLJSONKeyPath.m"; sourceTree = "<group>"; };
		320A6D0B1CFBE43C0084E138 /* NSDictionary+MTLManipulationAdditions.h */ = {isa = PBXFileReference; fileEncoding = 4; lastKnownFileType = sourcecode.c.h; path = "NSDictionary+MTLManipulationAdditions.h"; sourceTree = "<group>"; };
		320A6D0C1CFBE43C0084E138 /* NSDictionary+MTLManipulationAdditions.m */ = {isa = PBXFileReference; fileEncoding = 4; lastKnownFileType = sourcecode.c.objc; path = "NSDictionary+MTLManipulationAdditions.m"; sourceTree = "<group>"; };
		320A6D0D1CFBE43C0084E138 /* NSDictionary+MTLMappingAdditions.h */ = {isa = PBXFileReference; fileEncoding = 4; lastKnownFileType = sourcecode.c.h; path = "NSDictionary+MTLMappingAdditions.h"; sourceTree = "<group>"; };
		320A6D0E1CFBE43C0084E138 /* NSDictionary+MTLMappingAdditions.m */ = {isa = PBXFileReference; fileEncoding = 4; lastKnownFileType = sourcecode.c.objc; path = "NSDictionary+MTLMappingAdditions.m"; sourceTree = "<group>"; };
		320A6D0F1CFBE43C0084E138 /* NSError+MTLModelException.h */ = {isa = PBXFileReference; fileEncoding = 4; lastKnownFileType = sourcecode.c.h; path = "NSError+MTLModelException.h"; sourceTree = "<group>"; };
		320A6D101CFBE43C0084E138 /* NSError+MTLModelException.m */ = {isa = PBXFileReference; fileEncoding = 4; lastKnownFileType = sourcecode.c.objc; path = "NSError+MTLModelException.m"; sourceTree = "<group>"; };
		320A6D111CFBE43C0084E138 /* NSObject+MTLComparisonAdditions.h */ = {isa = PBXFileReference; fileEncoding = 4; lastKnownFileType = sourcecode.c.h; path = "NSObject+MTLComparisonAdditions.h"; sourceTree = "<group>"; };
		320A6D121CFBE43C0084E138 /* NSObject+MTLComparisonAdditions.m */ = {isa = PBXFileReference; fileEncoding = 4; lastKnownFileType = sourcecode.c.objc; path = "NSObject+MTLComparisonAdditions.m"; sourceTree = "<group>"; };
		320A6D131CFBE43C0084E138 /* NSValueTransformer+MTLInversionAdditions.h */ = {isa = PBXFileReference; fileEncoding = 4; lastKnownFileType = sourcecode.c.h; path = "NSValueTransformer+MTLInversionAdditions.h"; sourceTree = "<group>"; };
		320A6D141CFBE43C0084E138 /* NSValueTransformer+MTLInversionAdditions.m */ = {isa = PBXFileReference; fileEncoding = 4; lastKnownFileType = sourcecode.c.objc; path = "NSValueTransformer+MTLInversionAdditions.m"; sourceTree = "<group>"; };
		320A6D151CFBE43C0084E138 /* NSValueTransformer+MTLPredefinedTransformerAdditions.h */ = {isa = PBXFileReference; fileEncoding = 4; lastKnownFileType = sourcecode.c.h; path = "NSValueTransformer+MTLPredefinedTransformerAdditions.h"; sourceTree = "<group>"; };
		320A6D161CFBE43C0084E138 /* NSValueTransformer+MTLPredefinedTransformerAdditions.m */ = {isa = PBXFileReference; fileEncoding = 4; lastKnownFileType = sourcecode.c.objc; path = "NSValueTransformer+MTLPredefinedTransformerAdditions.m"; sourceTree = "<group>"; };
		322632111CEBFFE700CE4B87 /* ZYModelTransformInfo.h */ = {isa = PBXFileReference; fileEncoding = 4; lastKnownFileType = sourcecode.c.h; path = ZYModelTransformInfo.h; sourceTree = "<group>"; };
		322632121CEBFFE700CE4B87 /* ZYModelTransformInfo.m */ = {isa = PBXFileReference; fileEncoding = 4; lastKnownFileType = sourcecode.c.objc; path = ZYModelTransformInfo.m; sourceTree = "<group>"; };
		322632141CEC049B00CE4B87 /* FEWeiboModel.h */ = {isa = PBXFileReference; fileEncoding = 4; lastKnownFileType = sourcecode.c.h; path = FEWeiboModel.h; sourceTree = "<group>"; };
		322632151CEC049B00CE4B87 /* FEWeiboModel.m */ = {isa = PBXFileReference; fileEncoding = 4; lastKnownFileType = sourcecode.c.objc; path = FEWeiboModel.m; sourceTree = "<group>"; };
		322632161CEC049B00CE4B87 /* JSWeiboModel.h */ = {isa = PBXFileReference; fileEncoding = 4; lastKnownFileType = sourcecode.c.h; path = JSWeiboModel.h; sourceTree = "<group>"; };
		322632171CEC049B00CE4B87 /* JSWeiboModel.m */ = {isa = PBXFileReference; fileEncoding = 4; lastKnownFileType = sourcecode.c.objc; path = JSWeiboModel.m; sourceTree = "<group>"; };
		322632181CEC049B00CE4B87 /* MTWeiboModel.h */ = {isa = PBXFileReference; fileEncoding = 4; lastKnownFileType = sourcecode.c.h; path = MTWeiboModel.h; sourceTree = "<group>"; };
		322632191CEC049B00CE4B87 /* MTWeiboModel.m */ = {isa = PBXFileReference; fileEncoding = 4; lastKnownFileType = sourcecode.c.objc; path = MTWeiboModel.m; sourceTree = "<group>"; };
		322632BD1CEC05CA00CE4B87 /* DateFormatter.h */ = {isa = PBXFileReference; fileEncoding = 4; lastKnownFileType = sourcecode.c.h; path = DateFormatter.h; sourceTree = "<group>"; };
		322632BE1CEC05CA00CE4B87 /* DateFormatter.m */ = {isa = PBXFileReference; fileEncoding = 4; lastKnownFileType = sourcecode.c.objc; path = DateFormatter.m; sourceTree = "<group>"; };
		32F27B8E1CF1615200ACB3B6 /* ZYModelPerformaceTest.m */ = {isa = PBXFileReference; fileEncoding = 4; lastKnownFileType = sourcecode.c.objc; path = ZYModelPerformaceTest.m; sourceTree = "<group>"; };
		32F99DFC1CF2EA1300D8EDA4 /* ModelToJSONPerformanceCompare.m */ = {isa = PBXFileReference; fileEncoding = 4; lastKnownFileType = sourcecode.c.objc; path = ModelToJSONPerformanceCompare.m; sourceTree = "<group>"; };
		A493B4DA1CC65A6900EAE35A /* MJExtension.h */ = {isa = PBXFileReference; fileEncoding = 4; lastKnownFileType = sourcecode.c.h; path = MJExtension.h; sourceTree = "<group>"; };
		A493B4DB1CC65A6900EAE35A /* MJExtensionConst.h */ = {isa = PBXFileReference; fileEncoding = 4; lastKnownFileType = sourcecode.c.h; path = MJExtensionConst.h; sourceTree = "<group>"; };
		A493B4DC1CC65A6900EAE35A /* MJExtensionConst.m */ = {isa = PBXFileReference; fileEncoding = 4; lastKnownFileType = sourcecode.c.objc; path = MJExtensionConst.m; sourceTree = "<group>"; };
		A493B4DD1CC65A6900EAE35A /* MJFoundation.h */ = {isa = PBXFileReference; fileEncoding = 4; lastKnownFileType = sourcecode.c.h; path = MJFoundation.h; sourceTree = "<group>"; };
		A493B4DE1CC65A6900EAE35A /* MJFoundation.m */ = {isa = PBXFileReference; fileEncoding = 4; lastKnownFileType = sourcecode.c.objc; path = MJFoundation.m; sourceTree = "<group>"; };
		A493B4DF1CC65A6900EAE35A /* MJProperty.h */ = {isa = PBXFileReference; fileEncoding = 4; lastKnownFileType = sourcecode.c.h; path = MJProperty.h; sourceTree = "<group>"; };
		A493B4E01CC65A6900EAE35A /* MJProperty.m */ = {isa = PBXFileReference; fileEncoding = 4; lastKnownFileType = sourcecode.c.objc; path = MJProperty.m; sourceTree = "<group>"; };
		A493B4E11CC65A6900EAE35A /* MJPropertyKey.h */ = {isa = PBXFileReference; fileEncoding = 4; lastKnownFileType = sourcecode.c.h; path = MJPropertyKey.h; sourceTree = "<group>"; };
		A493B4E21CC65A6900EAE35A /* MJPropertyKey.m */ = {isa = PBXFileReference; fileEncoding = 4; lastKnownFileType = sourcecode.c.objc; path = MJPropertyKey.m; sourceTree = "<group>"; };
		A493B4E31CC65A6900EAE35A /* MJPropertyType.h */ = {isa = PBXFileReference; fileEncoding = 4; lastKnownFileType = sourcecode.c.h; path = MJPropertyType.h; sourceTree = "<group>"; };
		A493B4E41CC65A6900EAE35A /* MJPropertyType.m */ = {isa = PBXFileReference; fileEncoding = 4; lastKnownFileType = sourcecode.c.objc; path = MJPropertyType.m; sourceTree = "<group>"; };
		A493B4E51CC65A6900EAE35A /* NSObject+MJClass.h */ = {isa = PBXFileReference; fileEncoding = 4; lastKnownFileType = sourcecode.c.h; path = "NSObject+MJClass.h"; sourceTree = "<group>"; };
		A493B4E61CC65A6900EAE35A /* NSObject+MJClass.m */ = {isa = PBXFileReference; fileEncoding = 4; lastKnownFileType = sourcecode.c.objc; path = "NSObject+MJClass.m"; sourceTree = "<group>"; };
		A493B4E71CC65A6900EAE35A /* NSObject+MJCoding.h */ = {isa = PBXFileReference; fileEncoding = 4; lastKnownFileType = sourcecode.c.h; path = "NSObject+MJCoding.h"; sourceTree = "<group>"; };
		A493B4E81CC65A6900EAE35A /* NSObject+MJCoding.m */ = {isa = PBXFileReference; fileEncoding = 4; lastKnownFileType = sourcecode.c.objc; path = "NSObject+MJCoding.m"; sourceTree = "<group>"; };
		A493B4E91CC65A6900EAE35A /* NSObject+MJKeyValue.h */ = {isa = PBXFileReference; fileEncoding = 4; lastKnownFileType = sourcecode.c.h; path = "NSObject+MJKeyValue.h"; sourceTree = "<group>"; };
		A493B4EA1CC65A6900EAE35A /* NSObject+MJKeyValue.m */ = {isa = PBXFileReference; fileEncoding = 4; lastKnownFileType = sourcecode.c.objc; path = "NSObject+MJKeyValue.m"; sourceTree = "<group>"; };
		A493B4EB1CC65A6900EAE35A /* NSObject+MJProperty.h */ = {isa = PBXFileReference; fileEncoding = 4; lastKnownFileType = sourcecode.c.h; path = "NSObject+MJProperty.h"; sourceTree = "<group>"; };
		A493B4EC1CC65A6900EAE35A /* NSObject+MJProperty.m */ = {isa = PBXFileReference; fileEncoding = 4; lastKnownFileType = sourcecode.c.objc; path = "NSObject+MJProperty.m"; sourceTree = "<group>"; };
		A493B4ED1CC65A6900EAE35A /* NSString+MJExtension.h */ = {isa = PBXFileReference; fileEncoding = 4; lastKnownFileType = sourcecode.c.h; path = "NSString+MJExtension.h"; sourceTree = "<group>"; };
		A493B4EE1CC65A6900EAE35A /* NSString+MJExtension.m */ = {isa = PBXFileReference; fileEncoding = 4; lastKnownFileType = sourcecode.c.objc; path = "NSString+MJExtension.m"; sourceTree = "<group>"; };
		A4BDD72B1CC634FB00B5710D /* ModelPerformanceCompare.framework */ = {isa = PBXFileReference; explicitFileType = wrapper.framework; includeInIndex = 0; path = ModelPerformanceCompare.framework; sourceTree = BUILT_PRODUCTS_DIR; };
		A4BDD72E1CC634FB00B5710D /* ModelPerformanceCompare.h */ = {isa = PBXFileReference; lastKnownFileType = sourcecode.c.h; path = ModelPerformanceCompare.h; sourceTree = "<group>"; };
		A4BDD7301CC634FB00B5710D /* Info.plist */ = {isa = PBXFileReference; lastKnownFileType = text.plist.xml; path = Info.plist; sourceTree = "<group>"; };
		A4BDD7351CC634FB00B5710D /* ModelPerformanceCompareTests.xctest */ = {isa = PBXFileReference; explicitFileType = wrapper.cfbundle; includeInIndex = 0; path = ModelPerformanceCompareTests.xctest; sourceTree = BUILT_PRODUCTS_DIR; };
		A4BDD73A1CC634FB00B5710D /* JSONToModelPerformanceCompare.m */ = {isa = PBXFileReference; lastKnownFileType = sourcecode.c.objc; path = JSONToModelPerformanceCompare.m; sourceTree = "<group>"; };
		A4BDD73C1CC634FB00B5710D /* Info.plist */ = {isa = PBXFileReference; lastKnownFileType = text.plist.xml; path = Info.plist; sourceTree = "<group>"; };
		A4BDD7461CC6352000B5710D /* Info.plist */ = {isa = PBXFileReference; fileEncoding = 4; lastKnownFileType = text.plist.xml; path = Info.plist; sourceTree = "<group>"; };
		A4BDD7471CC6352000B5710D /* NSObject+ZYModel.h */ = {isa = PBXFileReference; fileEncoding = 4; lastKnownFileType = sourcecode.c.h; path = "NSObject+ZYModel.h"; sourceTree = "<group>"; };
		A4BDD7481CC6352000B5710D /* NSObject+ZYModel.m */ = {isa = PBXFileReference; fileEncoding = 4; lastKnownFileType = sourcecode.c.objc; path = "NSObject+ZYModel.m"; sourceTree = "<group>"; };
		A4BDD7491CC6352000B5710D /* ZYClassInfo.h */ = {isa = PBXFileReference; fileEncoding = 4; lastKnownFileType = sourcecode.c.h; path = ZYClassInfo.h; sourceTree = "<group>"; };
		A4BDD74A1CC6352000B5710D /* ZYClassInfo.m */ = {isa = PBXFileReference; fileEncoding = 4; lastKnownFileType = sourcecode.c.objc; path = ZYClassInfo.m; sourceTree = "<group>"; };
		A4BDD74B1CC6352000B5710D /* ZYModel.h */ = {isa = PBXFileReference; fileEncoding = 4; lastKnownFileType = sourcecode.c.h; path = ZYModel.h; sourceTree = "<group>"; };
		A4BDD7531CC6353D00B5710D /* NSObject+YYModel.h */ = {isa = PBXFileReference; fileEncoding = 4; lastKnownFileType = sourcecode.c.h; path = "NSObject+YYModel.h"; sourceTree = "<group>"; };
		A4BDD7541CC6353D00B5710D /* NSObject+YYModel.m */ = {isa = PBXFileReference; fileEncoding = 4; lastKnownFileType = sourcecode.c.objc; path = "NSObject+YYModel.m"; sourceTree = "<group>"; };
		A4BDD7551CC6353D00B5710D /* YYClassInfo.h */ = {isa = PBXFileReference; fileEncoding = 4; lastKnownFileType = sourcecode.c.h; path = YYClassInfo.h; sourceTree = "<group>"; };
		A4BDD7561CC6353D00B5710D /* YYClassInfo.m */ = {isa = PBXFileReference; fileEncoding = 4; lastKnownFileType = sourcecode.c.objc; path = YYClassInfo.m; sourceTree = "<group>"; };
		A4BDD7571CC6353D00B5710D /* YYModel.h */ = {isa = PBXFileReference; fileEncoding = 4; lastKnownFileType = sourcecode.c.h; path = YYModel.h; sourceTree = "<group>"; };
		A4BDD75B1CC6357500B5710D /* YYWeiboModel.h */ = {isa = PBXFileReference; fileEncoding = 4; lastKnownFileType = sourcecode.c.h; path = YYWeiboModel.h; sourceTree = "<group>"; };
		A4BDD75C1CC6357500B5710D /* YYWeiboModel.m */ = {isa = PBXFileReference; fileEncoding = 4; lastKnownFileType = sourcecode.c.objc; path = YYWeiboModel.m; sourceTree = "<group>"; };
		A4BDD75E1CC6357C00B5710D /* weibo.json */ = {isa = PBXFileReference; fileEncoding = 4; lastKnownFileType = text.json; path = weibo.json; sourceTree = "<group>"; };
/* End PBXFileReference section */

/* Begin PBXFrameworksBuildPhase section */
		A4BDD7271CC634FB00B5710D /* Frameworks */ = {
			isa = PBXFrameworksBuildPhase;
			buildActionMask = 2147483647;
			files = (
			);
			runOnlyForDeploymentPostprocessing = 0;
		};
		A4BDD7321CC634FB00B5710D /* Frameworks */ = {
			isa = PBXFrameworksBuildPhase;
			buildActionMask = 2147483647;
			files = (
				A4BDD7361CC634FB00B5710D /* ModelPerformanceCompare.framework in Frameworks */,
			);
			runOnlyForDeploymentPostprocessing = 0;
		};
/* End PBXFrameworksBuildPhase section */

/* Begin PBXGroup section */
		320A6CA21CFBE43C0084E138 /* FastEasyMapping */ = {
			isa = PBXGroup;
			children = (
				320A6CA31CFBE43C0084E138 /* Core */,
				320A6CC41CFBE43C0084E138 /* Extensions */,
				320A6CCF1CFBE43C0084E138 /* FastEasyMapping.h */,
				320A6CD01CFBE43C0084E138 /* Utility */,
			);
			path = FastEasyMapping;
			sourceTree = SOURCE_ROOT;
		};
		320A6CA31CFBE43C0084E138 /* Core */ = {
			isa = PBXGroup;
			children = (
				320A6CA41CFBE43C0084E138 /* Assignment Policy */,
				320A6CAA1CFBE43C0084E138 /* Cache */,
				320A6CAD1CFBE43C0084E138 /* Deserializer */,
				320A6CB21CFBE43C0084E138 /* Mapping */,
				320A6CBC1CFBE43C0084E138 /* Serializer */,
				320A6CBF1CFBE43C0084E138 /* Store */,
			);
			path = Core;
			sourceTree = "<group>";
		};
		320A6CA41CFBE43C0084E138 /* Assignment Policy */ = {
			isa = PBXGroup;
			children = (
				320A6CA51CFBE43C0084E138 /* FEMAssignmentPolicy.h */,
				320A6CA61CFBE43C0084E138 /* FEMAssignmentPolicy.m */,
				320A6CA71CFBE43C0084E138 /* FEMRelationshipAssignmentContext+Internal.h */,
				320A6CA81CFBE43C0084E138 /* FEMRelationshipAssignmentContext.h */,
				320A6CA91CFBE43C0084E138 /* FEMRelationshipAssignmentContext.m */,
			);
			path = "Assignment Policy";
			sourceTree = "<group>";
		};
		320A6CAA1CFBE43C0084E138 /* Cache */ = {
			isa = PBXGroup;
			children = (
				320A6CAB1CFBE43C0084E138 /* FEMManagedObjectCache.h */,
				320A6CAC1CFBE43C0084E138 /* FEMManagedObjectCache.m */,
			);
			path = Cache;
			sourceTree = "<group>";
		};
		320A6CAD1CFBE43C0084E138 /* Deserializer */ = {
			isa = PBXGroup;
			children = (
				320A6CAE1CFBE43C0084E138 /* FEMDeserializer.h */,
				320A6CAF1CFBE43C0084E138 /* FEMDeserializer.m */,
				320A6CB01CFBE43C0084E138 /* FEMManagedObjectDeserializer.h */,
				320A6CB11CFBE43C0084E138 /* FEMObjectDeserializer.h */,
			);
			path = Deserializer;
			sourceTree = "<group>";
		};
		320A6CB21CFBE43C0084E138 /* Mapping */ = {
			isa = PBXGroup;
			children = (
				320A6CB31CFBE43C0084E138 /* FEMAttribute.h */,
				320A6CB41CFBE43C0084E138 /* FEMAttribute.m */,
				320A6CB51CFBE43C0084E138 /* FEMManagedObjectMapping.h */,
				320A6CB61CFBE43C0084E138 /* FEMMapping.h */,
				320A6CB71CFBE43C0084E138 /* FEMMapping.m */,
				320A6CB81CFBE43C0084E138 /* FEMObjectMapping.h */,
				320A6CB91CFBE43C0084E138 /* FEMProperty.h */,
				320A6CBA1CFBE43C0084E138 /* FEMRelationship.h */,
				320A6CBB1CFBE43C0084E138 /* FEMRelationship.m */,
			);
			path = Mapping;
			sourceTree = "<group>";
		};
		320A6CBC1CFBE43C0084E138 /* Serializer */ = {
			isa = PBXGroup;
			children = (
				320A6CBD1CFBE43C0084E138 /* FEMSerializer.h */,
				320A6CBE1CFBE43C0084E138 /* FEMSerializer.m */,
			);
			path = Serializer;
			sourceTree = "<group>";
		};
		320A6CBF1CFBE43C0084E138 /* Store */ = {
			isa = PBXGroup;
			children = (
				320A6CC01CFBE43C0084E138 /* FEMManagedObjectStore.h */,
				320A6CC11CFBE43C0084E138 /* FEMManagedObjectStore.m */,
				320A6CC21CFBE43C0084E138 /* FEMObjectStore.h */,
				320A6CC31CFBE43C0084E138 /* FEMObjectStore.m */,
			);
			path = Store;
			sourceTree = "<group>";
		};
		320A6CC41CFBE43C0084E138 /* Extensions */ = {
			isa = PBXGroup;
			children = (
				320A6CC51CFBE43C0084E138 /* Collection */,
				320A6CCA1CFBE43C0084E138 /* Foundation */,
			);
			path = Extensions;
			sourceTree = "<group>";
		};
		320A6CC51CFBE43C0084E138 /* Collection */ = {
			isa = PBXGroup;
			children = (
				320A6CC61CFBE43C0084E138 /* FEMExcludableCollection.h */,
				320A6CC71CFBE43C0084E138 /* FEMExcludableCollection.m */,
				320A6CC81CFBE43C0084E138 /* FEMMergeableCollection.h */,
				320A6CC91CFBE43C0084E138 /* FEMMergeableCollection.m */,
			);
			path = Collection;
			sourceTree = "<group>";
		};
		320A6CCA1CFBE43C0084E138 /* Foundation */ = {
			isa = PBXGroup;
			children = (
				320A6CCB1CFBE43C0084E138 /* NSArray+FEMPropertyRepresentation.h */,
				320A6CCC1CFBE43C0084E138 /* NSArray+FEMPropertyRepresentation.m */,
				320A6CCD1CFBE43C0084E138 /* NSObject+FEMKVCExtension.h */,
				320A6CCE1CFBE43C0084E138 /* NSObject+FEMKVCExtension.m */,
			);
			path = Foundation;
			sourceTree = "<group>";
		};
		320A6CD01CFBE43C0084E138 /* Utility */ = {
			isa = PBXGroup;
			children = (
				320A6CD11CFBE43C0084E138 /* FEMMappingUtility.h */,
				320A6CD21CFBE43C0084E138 /* FEMMappingUtility.m */,
				320A6CD31CFBE43C0084E138 /* FEMRepresentationUtility.h */,
				320A6CD41CFBE43C0084E138 /* FEMRepresentationUtility.m */,
				320A6CD51CFBE43C0084E138 /* FEMTypeIntrospection.h */,
				320A6CD61CFBE43C0084E138 /* FEMTypeIntrospection.m */,
				320A6CD71CFBE43C0084E138 /* FEMTypes.h */,
			);
			path = Utility;
			sourceTree = "<group>";
		};
		320A6CD81CFBE43C0084E138 /* JSONModel */ = {
			isa = PBXGroup;
			children = (
				320A6CD91CFBE43C0084E138 /* JSONModel */,
				320A6CE21CFBE43C0084E138 /* JSONModelCategories */,
				320A6CE51CFBE43C0084E138 /* JSONModelLib.h */,
				320A6CE61CFBE43C0084E138 /* JSONModelNetworking */,
				320A6CED1CFBE43C0084E138 /* JSONModelTransformations */,
			);
			path = JSONModel;
			sourceTree = SOURCE_ROOT;
		};
		320A6CD91CFBE43C0084E138 /* JSONModel */ = {
			isa = PBXGroup;
			children = (
				320A6CDA1CFBE43C0084E138 /* JSONModel.h */,
				320A6CDB1CFBE43C0084E138 /* JSONModel.m */,
				320A6CDC1CFBE43C0084E138 /* JSONModelArray.h */,
				320A6CDD1CFBE43C0084E138 /* JSONModelArray.m */,
				320A6CDE1CFBE43C0084E138 /* JSONModelClassProperty.h */,
				320A6CDF1CFBE43C0084E138 /* JSONModelClassProperty.m */,
				320A6CE01CFBE43C0084E138 /* JSONModelError.h */,
				320A6CE11CFBE43C0084E138 /* JSONModelError.m */,
			);
			path = JSONModel;
			sourceTree = "<group>";
		};
		320A6CE21CFBE43C0084E138 /* JSONModelCategories */ = {
			isa = PBXGroup;
			children = (
				320A6CE31CFBE43C0084E138 /* NSArray+JSONModel.h */,
				320A6CE41CFBE43C0084E138 /* NSArray+JSONModel.m */,
			);
			path = JSONModelCategories;
			sourceTree = "<group>";
		};
		320A6CE61CFBE43C0084E138 /* JSONModelNetworking */ = {
			isa = PBXGroup;
			children = (
				320A6CE71CFBE43C0084E138 /* JSONAPI.h */,
				320A6CE81CFBE43C0084E138 /* JSONAPI.m */,
				320A6CE91CFBE43C0084E138 /* JSONHTTPClient.h */,
				320A6CEA1CFBE43C0084E138 /* JSONHTTPClient.m */,
				320A6CEB1CFBE43C0084E138 /* JSONModel+networking.h */,
				320A6CEC1CFBE43C0084E138 /* JSONModel+networking.m */,
			);
			path = JSONModelNetworking;
			sourceTree = "<group>";
		};
		320A6CED1CFBE43C0084E138 /* JSONModelTransformations */ = {
			isa = PBXGroup;
			children = (
				320A6CEE1CFBE43C0084E138 /* JSONKeyMapper.h */,
				320A6CEF1CFBE43C0084E138 /* JSONKeyMapper.m */,
				320A6CF01CFBE43C0084E138 /* JSONValueTransformer.h */,
				320A6CF11CFBE43C0084E138 /* JSONValueTransformer.m */,
			);
			path = JSONModelTransformations;
			sourceTree = "<group>";
		};
		320A6CF21CFBE43C0084E138 /* Mantle */ = {
			isa = PBXGroup;
			children = (
				320A6CF31CFBE43C0084E138 /* extobjc */,
				320A6CFA1CFBE43C0084E138 /* Mantle.h */,
				320A6CFB1CFBE43C0084E138 /* MTLJSONAdapter.h */,
				320A6CFC1CFBE43C0084E138 /* MTLJSONAdapter.m */,
				320A6CFD1CFBE43C0084E138 /* MTLModel+NSCoding.h */,
				320A6CFE1CFBE43C0084E138 /* MTLModel+NSCoding.m */,
				320A6CFF1CFBE43C0084E138 /* MTLModel.h */,
				320A6D001CFBE43C0084E138 /* MTLModel.m */,
				320A6D011CFBE43C0084E138 /* MTLReflection.h */,
				320A6D021CFBE43C0084E138 /* MTLReflection.m */,
				320A6D031CFBE43C0084E138 /* MTLTransformerErrorHandling.h */,
				320A6D041CFBE43C0084E138 /* MTLTransformerErrorHandling.m */,
				320A6D051CFBE43C0084E138 /* MTLValueTransformer.h */,
				320A6D061CFBE43C0084E138 /* MTLValueTransformer.m */,
				320A6D071CFBE43C0084E138 /* NSArray+MTLManipulationAdditions.h */,
				320A6D081CFBE43C0084E138 /* NSArray+MTLManipulationAdditions.m */,
				320A6D091CFBE43C0084E138 /* NSDictionary+MTLJSONKeyPath.h */,
				320A6D0A1CFBE43C0084E138 /* NSDictionary+MTLJSONKeyPath.m */,
				320A6D0B1CFBE43C0084E138 /* NSDictionary+MTLManipulationAdditions.h */,
				320A6D0C1CFBE43C0084E138 /* NSDictionary+MTLManipulationAdditions.m */,
				320A6D0D1CFBE43C0084E138 /* NSDictionary+MTLMappingAdditions.h */,
				320A6D0E1CFBE43C0084E138 /* NSDictionary+MTLMappingAdditions.m */,
				320A6D0F1CFBE43C0084E138 /* NSError+MTLModelException.h */,
				320A6D101CFBE43C0084E138 /* NSError+MTLModelException.m */,
				320A6D111CFBE43C0084E138 /* NSObject+MTLComparisonAdditions.h */,
				320A6D121CFBE43C0084E138 /* NSObject+MTLComparisonAdditions.m */,
				320A6D131CFBE43C0084E138 /* NSValueTransformer+MTLInversionAdditions.h */,
				320A6D141CFBE43C0084E138 /* NSValueTransformer+MTLInversionAdditions.m */,
				320A6D151CFBE43C0084E138 /* NSValueTransformer+MTLPredefinedTransformerAdditions.h */,
				320A6D161CFBE43C0084E138 /* NSValueTransformer+MTLPredefinedTransformerAdditions.m */,
			);
			path = Mantle;
			sourceTree = SOURCE_ROOT;
		};
		320A6CF31CFBE43C0084E138 /* extobjc */ = {
			isa = PBXGroup;
			children = (
				320A6CF41CFBE43C0084E138 /* EXTKeyPathCoding.h */,
				320A6CF51CFBE43C0084E138 /* EXTRuntimeExtensions.h */,
				320A6CF61CFBE43C0084E138 /* EXTRuntimeExtensions.m */,
				320A6CF71CFBE43C0084E138 /* EXTScope.h */,
				320A6CF81CFBE43C0084E138 /* EXTScope.m */,
				320A6CF91CFBE43C0084E138 /* metamacros.h */,
			);
			path = extobjc;
			sourceTree = "<group>";
		};
		A493B4D91CC65A6900EAE35A /* MJExtension */ = {
			isa = PBXGroup;
			children = (
				A493B4DA1CC65A6900EAE35A /* MJExtension.h */,
				A493B4DB1CC65A6900EAE35A /* MJExtensionConst.h */,
				A493B4DC1CC65A6900EAE35A /* MJExtensionConst.m */,
				A493B4DD1CC65A6900EAE35A /* MJFoundation.h */,
				A493B4DE1CC65A6900EAE35A /* MJFoundation.m */,
				A493B4DF1CC65A6900EAE35A /* MJProperty.h */,
				A493B4E01CC65A6900EAE35A /* MJProperty.m */,
				A493B4E11CC65A6900EAE35A /* MJPropertyKey.h */,
				A493B4E21CC65A6900EAE35A /* MJPropertyKey.m */,
				A493B4E31CC65A6900EAE35A /* MJPropertyType.h */,
				A493B4E41CC65A6900EAE35A /* MJPropertyType.m */,
				A493B4E51CC65A6900EAE35A /* NSObject+MJClass.h */,
				A493B4E61CC65A6900EAE35A /* NSObject+MJClass.m */,
				A493B4E71CC65A6900EAE35A /* NSObject+MJCoding.h */,
				A493B4E81CC65A6900EAE35A /* NSObject+MJCoding.m */,
				A493B4E91CC65A6900EAE35A /* NSObject+MJKeyValue.h */,
				A493B4EA1CC65A6900EAE35A /* NSObject+MJKeyValue.m */,
				A493B4EB1CC65A6900EAE35A /* NSObject+MJProperty.h */,
				A493B4EC1CC65A6900EAE35A /* NSObject+MJProperty.m */,
				A493B4ED1CC65A6900EAE35A /* NSString+MJExtension.h */,
				A493B4EE1CC65A6900EAE35A /* NSString+MJExtension.m */,
			);
			path = MJExtension;
			sourceTree = SOURCE_ROOT;
		};
		A4BDD7211CC634FB00B5710D = {
			isa = PBXGroup;
			children = (
				A4BDD72D1CC634FB00B5710D /* ModelPerformanceCompare */,
				A4BDD7391CC634FB00B5710D /* ModelPerformanceCompareTests */,
				A4BDD72C1CC634FB00B5710D /* Products */,
			);
			sourceTree = "<group>";
		};
		A4BDD72C1CC634FB00B5710D /* Products */ = {
			isa = PBXGroup;
			children = (
				A4BDD72B1CC634FB00B5710D /* ModelPerformanceCompare.framework */,
				A4BDD7351CC634FB00B5710D /* ModelPerformanceCompareTests.xctest */,
			);
			name = Products;
			sourceTree = "<group>";
		};
		A4BDD72D1CC634FB00B5710D /* ModelPerformanceCompare */ = {
			isa = PBXGroup;
			children = (
				A4BDD72E1CC634FB00B5710D /* ModelPerformanceCompare.h */,
				A4BDD7301CC634FB00B5710D /* Info.plist */,
			);
			path = ModelPerformanceCompare;
			sourceTree = "<group>";
		};
		A4BDD7391CC634FB00B5710D /* ModelPerformanceCompareTests */ = {
			isa = PBXGroup;
			children = (
				322632BD1CEC05CA00CE4B87 /* DateFormatter.h */,
				322632BE1CEC05CA00CE4B87 /* DateFormatter.m */,
				A4BDD75B1CC6357500B5710D /* YYWeiboModel.h */,
				A4BDD75C1CC6357500B5710D /* YYWeiboModel.m */,
				322632141CEC049B00CE4B87 /* FEWeiboModel.h */,
				322632151CEC049B00CE4B87 /* FEWeiboModel.m */,
				322632161CEC049B00CE4B87 /* JSWeiboModel.h */,
				322632171CEC049B00CE4B87 /* JSWeiboModel.m */,
				322632181CEC049B00CE4B87 /* MTWeiboModel.h */,
				322632191CEC049B00CE4B87 /* MTWeiboModel.m */,
				A4BDD75E1CC6357C00B5710D /* weibo.json */,
				320A6CA21CFBE43C0084E138 /* FastEasyMapping */,
				320A6CD81CFBE43C0084E138 /* JSONModel */,
				320A6CF21CFBE43C0084E138 /* Mantle */,
				A493B4D91CC65A6900EAE35A /* MJExtension */,
				A4BDD7521CC6353D00B5710D /* YYModel */,
				A4BDD7451CC6352000B5710D /* ZYModel */,
				32F27B8E1CF1615200ACB3B6 /* ZYModelPerformaceTest.m */,
				A4BDD73A1CC634FB00B5710D /* JSONToModelPerformanceCompare.m */,
				32F99DFC1CF2EA1300D8EDA4 /* ModelToJSONPerformanceCompare.m */,
				A4BDD73C1CC634FB00B5710D /* Info.plist */,
			);
			path = ModelPerformanceCompareTests;
			sourceTree = "<group>";
		};
		A4BDD7451CC6352000B5710D /* ZYModel */ = {
			isa = PBXGroup;
			children = (
				A4BDD7461CC6352000B5710D /* Info.plist */,
				A4BDD7471CC6352000B5710D /* NSObject+ZYModel.h */,
				A4BDD7481CC6352000B5710D /* NSObject+ZYModel.m */,
				A4BDD7491CC6352000B5710D /* ZYClassInfo.h */,
				A4BDD74A1CC6352000B5710D /* ZYClassInfo.m */,
				A4BDD74B1CC6352000B5710D /* ZYModel.h */,
				322632111CEBFFE700CE4B87 /* ZYModelTransformInfo.h */,
				322632121CEBFFE700CE4B87 /* ZYModelTransformInfo.m */,
			);
			name = ZYModel;
			path = ../../ZYModel;
			sourceTree = "<group>";
		};
		A4BDD7521CC6353D00B5710D /* YYModel */ = {
			isa = PBXGroup;
			children = (
				A4BDD7531CC6353D00B5710D /* NSObject+YYModel.h */,
				A4BDD7541CC6353D00B5710D /* NSObject+YYModel.m */,
				A4BDD7551CC6353D00B5710D /* YYClassInfo.h */,
				A4BDD7561CC6353D00B5710D /* YYClassInfo.m */,
				A4BDD7571CC6353D00B5710D /* YYModel.h */,
			);
			path = YYModel;
			sourceTree = SOURCE_ROOT;
		};
/* End PBXGroup section */

/* Begin PBXHeadersBuildPhase section */
		A4BDD7281CC634FB00B5710D /* Headers */ = {
			isa = PBXHeadersBuildPhase;
			buildActionMask = 2147483647;
			files = (
				A4BDD72F1CC634FB00B5710D /* ModelPerformanceCompare.h in Headers */,
			);
			runOnlyForDeploymentPostprocessing = 0;
		};
/* End PBXHeadersBuildPhase section */

/* Begin PBXNativeTarget section */
		A4BDD72A1CC634FB00B5710D /* ModelPerformanceCompare */ = {
			isa = PBXNativeTarget;
			buildConfigurationList = A4BDD73F1CC634FB00B5710D /* Build configuration list for PBXNativeTarget "ModelPerformanceCompare" */;
			buildPhases = (
				A4BDD7261CC634FB00B5710D /* Sources */,
				A4BDD7271CC634FB00B5710D /* Frameworks */,
				A4BDD7281CC634FB00B5710D /* Headers */,
				A4BDD7291CC634FB00B5710D /* Resources */,
			);
			buildRules = (
			);
			dependencies = (
			);
			name = ModelPerformanceCompare;
			productName = ModelPerformanceCompare;
			productReference = A4BDD72B1CC634FB00B5710D /* ModelPerformanceCompare.framework */;
			productType = "com.apple.product-type.framework";
		};
		A4BDD7341CC634FB00B5710D /* ModelPerformanceCompareTests */ = {
			isa = PBXNativeTarget;
			buildConfigurationList = A4BDD7421CC634FB00B5710D /* Build configuration list for PBXNativeTarget "ModelPerformanceCompareTests" */;
			buildPhases = (
				A4BDD7311CC634FB00B5710D /* Sources */,
				A4BDD7321CC634FB00B5710D /* Frameworks */,
				A4BDD7331CC634FB00B5710D /* Resources */,
			);
			buildRules = (
			);
			dependencies = (
				A4BDD7381CC634FB00B5710D /* PBXTargetDependency */,
			);
			name = ModelPerformanceCompareTests;
			productName = ModelPerformanceCompareTests;
			productReference = A4BDD7351CC634FB00B5710D /* ModelPerformanceCompareTests.xctest */;
			productType = "com.apple.product-type.bundle.unit-test";
		};
/* End PBXNativeTarget section */

/* Begin PBXProject section */
		A4BDD7221CC634FB00B5710D /* Project object */ = {
			isa = PBXProject;
			attributes = {
				LastUpgradeCheck = 0730;
				ORGANIZATIONNAME = "Ziyang Liu";
				TargetAttributes = {
					A4BDD72A1CC634FB00B5710D = {
						CreatedOnToolsVersion = 7.3;
					};
					A4BDD7341CC634FB00B5710D = {
						CreatedOnToolsVersion = 7.3;
					};
				};
			};
			buildConfigurationList = A4BDD7251CC634FB00B5710D /* Build configuration list for PBXProject "ModelPerformanceCompare" */;
			compatibilityVersion = "Xcode 3.2";
			developmentRegion = English;
			hasScannedForEncodings = 0;
			knownRegions = (
				en,
			);
			mainGroup = A4BDD7211CC634FB00B5710D;
			productRefGroup = A4BDD72C1CC634FB00B5710D /* Products */;
			projectDirPath = "";
			projectRoot = "";
			targets = (
				A4BDD72A1CC634FB00B5710D /* ModelPerformanceCompare */,
				A4BDD7341CC634FB00B5710D /* ModelPerformanceCompareTests */,
			);
		};
/* End PBXProject section */

/* Begin PBXResourcesBuildPhase section */
		A4BDD7291CC634FB00B5710D /* Resources */ = {
			isa = PBXResourcesBuildPhase;
			buildActionMask = 2147483647;
			files = (
			);
			runOnlyForDeploymentPostprocessing = 0;
		};
		A4BDD7331CC634FB00B5710D /* Resources */ = {
			isa = PBXResourcesBuildPhase;
			buildActionMask = 2147483647;
			files = (
				A4BDD75F1CC6357C00B5710D /* weibo.json in Resources */,
				A4BDD74E1CC6352000B5710D /* Info.plist in Resources */,
			);
			runOnlyForDeploymentPostprocessing = 0;
		};
/* End PBXResourcesBuildPhase section */

/* Begin PBXSourcesBuildPhase section */
		A4BDD7261CC634FB00B5710D /* Sources */ = {
			isa = PBXSourcesBuildPhase;
			buildActionMask = 2147483647;
			files = (
			);
			runOnlyForDeploymentPostprocessing = 0;
		};
		A4BDD7311CC634FB00B5710D /* Sources */ = {
			isa = PBXSourcesBuildPhase;
			buildActionMask = 2147483647;
			files = (
				320A6D241CFBE43C0084E138 /* NSObject+FEMKVCExtension.m in Sources */,
				320A6D2C1CFBE43C0084E138 /* NSArray+JSONModel.m in Sources */,
				A493B4F51CC65A6900EAE35A /* NSObject+MJCoding.m in Sources */,
				A493B4EF1CC65A6900EAE35A /* MJExtensionConst.m in Sources */,
				320A6D201CFBE43C0084E138 /* FEMObjectStore.m in Sources */,
				A493B4F41CC65A6900EAE35A /* NSObject+MJClass.m in Sources */,
				322632131CEBFFE700CE4B87 /* ZYModelTransformInfo.m in Sources */,
				320A6D281CFBE43C0084E138 /* JSONModel.m in Sources */,
				A493B4F21CC65A6900EAE35A /* MJPropertyKey.m in Sources */,
				32F27B8F1CF1615200ACB3B6 /* ZYModelPerformaceTest.m in Sources */,
				320A6D371CFBE43C0084E138 /* MTLReflection.m in Sources */,
				320A6D341CFBE43C0084E138 /* MTLJSONAdapter.m in Sources */,
				3226321A1CEC049B00CE4B87 /* FEWeiboModel.m in Sources */,
				320A6D351CFBE43C0084E138 /* MTLModel+NSCoding.m in Sources */,
				A4BDD74F1CC6352000B5710D /* NSObject+ZYModel.m in Sources */,
				320A6D231CFBE43C0084E138 /* NSArray+FEMPropertyRepresentation.m in Sources */,
				320A6D211CFBE43C0084E138 /* FEMExcludableCollection.m in Sources */,
				320A6D3A1CFBE43C0084E138 /* NSArray+MTLManipulationAdditions.m in Sources */,
				320A6D3F1CFBE43C0084E138 /* NSObject+MTLComparisonAdditions.m in Sources */,
				320A6D401CFBE43C0084E138 /* NSValueTransformer+MTLInversionAdditions.m in Sources */,
				A4BDD7581CC6353D00B5710D /* NSObject+YYModel.m in Sources */,
				322632BF1CEC05CA00CE4B87 /* DateFormatter.m in Sources */,
				320A6D1C1CFBE43C0084E138 /* FEMMapping.m in Sources */,
				320A6D2B1CFBE43C0084E138 /* JSONModelError.m in Sources */,
				320A6D1E1CFBE43C0084E138 /* FEMSerializer.m in Sources */,
				A493B4F11CC65A6900EAE35A /* MJProperty.m in Sources */,
				320A6D331CFBE43C0084E138 /* EXTScope.m in Sources */,
				3226321C1CEC049B00CE4B87 /* MTWeiboModel.m in Sources */,
				320A6D221CFBE43C0084E138 /* FEMMergeableCollection.m in Sources */,
				32F99DFD1CF2EA1300D8EDA4 /* ModelToJSONPerformanceCompare.m in Sources */,
				A493B4F01CC65A6900EAE35A /* MJFoundation.m in Sources */,
				320A6D2A1CFBE43C0084E138 /* JSONModelClassProperty.m in Sources */,
				320A6D191CFBE43C0084E138 /* FEMManagedObjectCache.m in Sources */,
				320A6D1A1CFBE43C0084E138 /* FEMDeserializer.m in Sources */,
				A4BDD73B1CC634FB00B5710D /* JSONToModelPerformanceCompare.m in Sources */,
				320A6D251CFBE43C0084E138 /* FEMMappingUtility.m in Sources */,
				320A6D1B1CFBE43C0084E138 /* FEMAttribute.m in Sources */,
				320A6D291CFBE43C0084E138 /* JSONModelArray.m in Sources */,
				320A6D2F1CFBE43C0084E138 /* JSONModel+networking.m in Sources */,
				A4BDD7501CC6352000B5710D /* ZYClassInfo.m in Sources */,
				A4BDD7591CC6353D00B5710D /* YYClassInfo.m in Sources */,
				320A6D181CFBE43C0084E138 /* FEMRelationshipAssignmentContext.m in Sources */,
				320A6D2D1CFBE43C0084E138 /* JSONAPI.m in Sources */,
				320A6D171CFBE43C0084E138 /* FEMAssignmentPolicy.m in Sources */,
				A493B4F31CC65A6900EAE35A /* MJPropertyType.m in Sources */,
				320A6D1D1CFBE43C0084E138 /* FEMRelationship.m in Sources */,
				320A6D261CFBE43C0084E138 /* FEMRepresentationUtility.m in Sources */,
				320A6D3C1CFBE43C0084E138 /* NSDictionary+MTLManipulationAdditions.m in Sources */,
				320A6D321CFBE43C0084E138 /* EXTRuntimeExtensions.m in Sources */,
				320A6D391CFBE43C0084E138 /* MTLValueTransformer.m in Sources */,
				320A6D411CFBE43C0084E138 /* NSValueTransformer+MTLPredefinedTransformerAdditions.m in Sources */,
				A493B4F61CC65A6900EAE35A /* NSObject+MJKeyValue.m in Sources */,
				320A6D3E1CFBE43C0084E138 /* NSError+MTLModelException.m in Sources */,
				320A6D1F1CFBE43C0084E138 /* FEMManagedObjectStore.m in Sources */,
				A493B4F81CC65A6900EAE35A /* NSString+MJExtension.m in Sources */,
				320A6D381CFBE43C0084E138 /* MTLTransformerErrorHandling.m in Sources */,
				320A6D3B1CFBE43C0084E138 /* NSDictionary+MTLJSONKeyPath.m in Sources */,
				320A6D3D1CFBE43C0084E138 /* NSDictionary+MTLMappingAdditions.m in Sources */,
				320A6D311CFBE43C0084E138 /* JSONValueTransformer.m in Sources */,
				320A6D271CFBE43C0084E138 /* FEMTypeIntrospection.m in Sources */,
				A4BDD75D1CC6357500B5710D /* YYWeiboModel.m in Sources */,
				320A6D2E1CFBE43C0084E138 /* JSONHTTPClient.m in Sources */,
				320A6D301CFBE43C0084E138 /* JSONKeyMapper.m in Sources */,
				3226321B1CEC049B00CE4B87 /* JSWeiboModel.m in Sources */,
				A493B4F71CC65A6900EAE35A /* NSObject+MJProperty.m in Sources */,
				320A6D361CFBE43C0084E138 /* MTLModel.m in Sources */,
			);
			runOnlyForDeploymentPostprocessing = 0;
		};
/* End PBXSourcesBuildPhase section */

/* Begin PBXTargetDependency section */
		A4BDD7381CC634FB00B5710D /* PBXTargetDependency */ = {
			isa = PBXTargetDependency;
			target = A4BDD72A1CC634FB00B5710D /* ModelPerformanceCompare */;
			targetProxy = A4BDD7371CC634FB00B5710D /* PBXContainerItemProxy */;
		};
/* End PBXTargetDependency section */

/* Begin XCBuildConfiguration section */
		A4BDD73D1CC634FB00B5710D /* Debug */ = {
			isa = XCBuildConfiguration;
			buildSettings = {
				ALWAYS_SEARCH_USER_PATHS = NO;
				CLANG_ANALYZER_NONNULL = YES;
				CLANG_CXX_LANGUAGE_STANDARD = "gnu++0x";
				CLANG_CXX_LIBRARY = "libc++";
				CLANG_ENABLE_MODULES = YES;
				CLANG_ENABLE_OBJC_ARC = YES;
				CLANG_WARN_BOOL_CONVERSION = YES;
				CLANG_WARN_CONSTANT_CONVERSION = YES;
				CLANG_WARN_DIRECT_OBJC_ISA_USAGE = YES_ERROR;
				CLANG_WARN_EMPTY_BODY = YES;
				CLANG_WARN_ENUM_CONVERSION = YES;
				CLANG_WARN_INT_CONVERSION = YES;
				CLANG_WARN_OBJC_ROOT_CLASS = YES_ERROR;
				CLANG_WARN_UNREACHABLE_CODE = YES;
				CLANG_WARN__DUPLICATE_METHOD_MATCH = YES;
				"CODE_SIGN_IDENTITY[sdk=iphoneos*]" = "iPhone Developer";
				COPY_PHASE_STRIP = NO;
				CURRENT_PROJECT_VERSION = 1;
				DEBUG_INFORMATION_FORMAT = dwarf;
				ENABLE_STRICT_OBJC_MSGSEND = YES;
				ENABLE_TESTABILITY = YES;
				GCC_C_LANGUAGE_STANDARD = gnu99;
				GCC_DYNAMIC_NO_PIC = NO;
				GCC_NO_COMMON_BLOCKS = YES;
				GCC_OPTIMIZATION_LEVEL = 0;
				GCC_PREPROCESSOR_DEFINITIONS = (
					"DEBUG=1",
					"$(inherited)",
				);
				GCC_WARN_64_TO_32_BIT_CONVERSION = YES;
				GCC_WARN_ABOUT_RETURN_TYPE = YES_ERROR;
				GCC_WARN_UNDECLARED_SELECTOR = YES;
				GCC_WARN_UNINITIALIZED_AUTOS = YES_AGGRESSIVE;
				GCC_WARN_UNUSED_FUNCTION = YES;
				GCC_WARN_UNUSED_VARIABLE = YES;
				IPHONEOS_DEPLOYMENT_TARGET = 9.3;
				MTL_ENABLE_DEBUG_INFO = YES;
				ONLY_ACTIVE_ARCH = YES;
				SDKROOT = iphoneos;
				TARGETED_DEVICE_FAMILY = "1,2";
				VERSIONING_SYSTEM = "apple-generic";
				VERSION_INFO_PREFIX = "";
			};
			name = Debug;
		};
		A4BDD73E1CC634FB00B5710D /* Release */ = {
			isa = XCBuildConfiguration;
			buildSettings = {
				ALWAYS_SEARCH_USER_PATHS = NO;
				CLANG_ANALYZER_NONNULL = YES;
				CLANG_CXX_LANGUAGE_STANDARD = "gnu++0x";
				CLANG_CXX_LIBRARY = "libc++";
				CLANG_ENABLE_MODULES = YES;
				CLANG_ENABLE_OBJC_ARC = YES;
				CLANG_WARN_BOOL_CONVERSION = YES;
				CLANG_WARN_CONSTANT_CONVERSION = YES;
				CLANG_WARN_DIRECT_OBJC_ISA_USAGE = YES_ERROR;
				CLANG_WARN_EMPTY_BODY = YES;
				CLANG_WARN_ENUM_CONVERSION = YES;
				CLANG_WARN_INT_CONVERSION = YES;
				CLANG_WARN_OBJC_ROOT_CLASS = YES_ERROR;
				CLANG_WARN_UNREACHABLE_CODE = YES;
				CLANG_WARN__DUPLICATE_METHOD_MATCH = YES;
				"CODE_SIGN_IDENTITY[sdk=iphoneos*]" = "iPhone Developer";
				COPY_PHASE_STRIP = NO;
				CURRENT_PROJECT_VERSION = 1;
				DEBUG_INFORMATION_FORMAT = "dwarf-with-dsym";
				ENABLE_NS_ASSERTIONS = NO;
				ENABLE_STRICT_OBJC_MSGSEND = YES;
				GCC_C_LANGUAGE_STANDARD = gnu99;
				GCC_NO_COMMON_BLOCKS = YES;
				GCC_WARN_64_TO_32_BIT_CONVERSION = YES;
				GCC_WARN_ABOUT_RETURN_TYPE = YES_ERROR;
				GCC_WARN_UNDECLARED_SELECTOR = YES;
				GCC_WARN_UNINITIALIZED_AUTOS = YES_AGGRESSIVE;
				GCC_WARN_UNUSED_FUNCTION = YES;
				GCC_WARN_UNUSED_VARIABLE = YES;
				IPHONEOS_DEPLOYMENT_TARGET = 9.3;
				MTL_ENABLE_DEBUG_INFO = NO;
				SDKROOT = iphoneos;
				TARGETED_DEVICE_FAMILY = "1,2";
				VALIDATE_PRODUCT = YES;
				VERSIONING_SYSTEM = "apple-generic";
				VERSION_INFO_PREFIX = "";
			};
			name = Release;
		};
		A4BDD7401CC634FB00B5710D /* Debug */ = {
			isa = XCBuildConfiguration;
			buildSettings = {
				DEFINES_MODULE = YES;
				DYLIB_COMPATIBILITY_VERSION = 1;
				DYLIB_CURRENT_VERSION = 1;
				DYLIB_INSTALL_NAME_BASE = "@rpath";
				INFOPLIST_FILE = ModelPerformanceCompare/Info.plist;
				INSTALL_PATH = "$(LOCAL_LIBRARY_DIR)/Frameworks";
				LD_RUNPATH_SEARCH_PATHS = "$(inherited) @executable_path/Frameworks @loader_path/Frameworks";
				PRODUCT_BUNDLE_IDENTIFIER = com.zyliu.ModelPerformanceCompare;
				PRODUCT_NAME = "$(TARGET_NAME)";
				SKIP_INSTALL = YES;
			};
			name = Debug;
		};
		A4BDD7411CC634FB00B5710D /* Release */ = {
			isa = XCBuildConfiguration;
			buildSettings = {
				DEFINES_MODULE = YES;
				DYLIB_COMPATIBILITY_VERSION = 1;
				DYLIB_CURRENT_VERSION = 1;
				DYLIB_INSTALL_NAME_BASE = "@rpath";
				INFOPLIST_FILE = ModelPerformanceCompare/Info.plist;
				INSTALL_PATH = "$(LOCAL_LIBRARY_DIR)/Frameworks";
				LD_RUNPATH_SEARCH_PATHS = "$(inherited) @executable_path/Frameworks @loader_path/Frameworks";
				PRODUCT_BUNDLE_IDENTIFIER = com.zyliu.ModelPerformanceCompare;
				PRODUCT_NAME = "$(TARGET_NAME)";
				SKIP_INSTALL = YES;
			};
			name = Release;
		};
		A4BDD7431CC634FB00B5710D /* Debug */ = {
			isa = XCBuildConfiguration;
			buildSettings = {
				INFOPLIST_FILE = ModelPerformanceCompareTests/Info.plist;
				LD_RUNPATH_SEARCH_PATHS = "$(inherited) @executable_path/Frameworks @loader_path/Frameworks";
				PRODUCT_BUNDLE_IDENTIFIER = com.zyliu.ModelPerformanceCompareTests;
				PRODUCT_NAME = "$(TARGET_NAME)";
			};
			name = Debug;
		};
		A4BDD7441CC634FB00B5710D /* Release */ = {
			isa = XCBuildConfiguration;
			buildSettings = {
				INFOPLIST_FILE = ModelPerformanceCompareTests/Info.plist;
				LD_RUNPATH_SEARCH_PATHS = "$(inherited) @executable_path/Frameworks @loader_path/Frameworks";
				PRODUCT_BUNDLE_IDENTIFIER = com.zyliu.ModelPerformanceCompareTests;
				PRODUCT_NAME = "$(TARGET_NAME)";
			};
			name = Release;
		};
/* End XCBuildConfiguration section */

/* Begin XCConfigurationList section */
		A4BDD7251CC634FB00B5710D /* Build configuration list for PBXProject "ModelPerformanceCompare" */ = {
			isa = XCConfigurationList;
			buildConfigurations = (
				A4BDD73D1CC634FB00B5710D /* Debug */,
				A4BDD73E1CC634FB00B5710D /* Release */,
			);
			defaultConfigurationIsVisible = 0;
			defaultConfigurationName = Release;
		};
		A4BDD73F1CC634FB00B5710D /* Build configuration list for PBXNativeTarget "ModelPerformanceCompare" */ = {
			isa = XCConfigurationList;
			buildConfigurations = (
				A4BDD7401CC634FB00B5710D /* Debug */,
				A4BDD7411CC634FB00B5710D /* Release */,
			);
			defaultConfigurationIsVisible = 0;
			defaultConfigurationName = Release;
		};
		A4BDD7421CC634FB00B5710D /* Build configuration list for PBXNativeTarget "ModelPerformanceCompareTests" */ = {
			isa = XCConfigurationList;
			buildConfigurations = (
				A4BDD7431CC634FB00B5710D /* Debug */,
				A4BDD7441CC634FB00B5710D /* Release */,
			);
			defaultConfigurationIsVisible = 0;
			defaultConfigurationName = Release;
		};
/* End XCConfigurationList section */
	};
	rootObject = A4BDD7221CC634FB00B5710D /* Project object */;
}
